
Microsoft Visual Studio Solution File, Format Version 12.00
# Visual Studio Version 17
VisualStudioVersion = 17.1.32210.238
MinimumVisualStudioVersion = 10.0.40219.1
Project("{2150E333-8FDC-42A3-9474-1A3956D46DE8}") = "1 - Apresentação", "1 - Apresentação", "{3781FB21-E83F-4D3B-A29B-FB4E68660185}"
EndProject
Project("{2150E333-8FDC-42A3-9474-1A3956D46DE8}") = "2 - Aplicação", "2 - Aplicação", "{E1E17336-6F0F-4975-A74D-47D6ACC212A1}"
EndProject
Project("{2150E333-8FDC-42A3-9474-1A3956D46DE8}") = "3 - Domínio", "3 - Domínio", "{25E45A0F-D90B-44C5-8FEA-A75146316D6D}"
EndProject
Project("{2150E333-8FDC-42A3-9474-1A3956D46DE8}") = "4 - Infraestrutura", "4 - Infraestrutura", "{8AE13952-DFE4-4988-962C-A3D5704783F6}"
EndProject
Project("{2150E333-8FDC-42A3-9474-1A3956D46DE8}") = "6 - Dependências Externas", "6 - Dependências Externas", "{7C798FA4-603D-4753-B469-6C2A79A98CFB}"
EndProject
Project("{2150E333-8FDC-42A3-9474-1A3956D46DE8}") = "7 - Documentação", "7 - Documentação", "{9B6AACDD-1936-4738-9D9C-9F84E935B75E}"
	ProjectSection(SolutionItems) = preProject
		README.md = README.md
	EndProjectSection
EndProject
Project("{9A19103F-16F7-4668-BE54-9A1E7A4F7556}") = "System.Extensions", "src\System.Extensions\System.Extensions.csproj", "{1104E006-FCB3-4A00-87FE-6C02F735FBF0}"
EndProject
Project("{9A19103F-16F7-4668-BE54-9A1E7A4F7556}") = "Ateliex.Application", "src\Ateliex.Application\Ateliex.Application.csproj", "{2ECB3ED8-E84A-4D77-9E2D-E5F09FB7714F}"
EndProject
Project("{9A19103F-16F7-4668-BE54-9A1E7A4F7556}") = "Ateliex.Application.Core", "src\Ateliex.Application.Core\Ateliex.Application.Core.csproj", "{E8E37B2E-609A-4750-930D-3020B1F8E343}"
EndProject
Project("{9A19103F-16F7-4668-BE54-9A1E7A4F7556}") = "Ateliex.Domain", "src\Ateliex.Domain\Ateliex.Domain.csproj", "{6C891D7C-F087-4EAB-A466-E4764A6419D1}"
EndProject
Project("{2150E333-8FDC-42A3-9474-1A3956D46DE8}") = "Data Services", "Data Services", "{00ED9475-BD87-4B78-B26E-B1DC855DE5D6}"
EndProject
Project("{2150E333-8FDC-42A3-9474-1A3956D46DE8}") = "Integration Services", "Integration Services", "{F7684930-CC2D-43AB-A4BE-528FA5C5720D}"
EndProject
Project("{2150E333-8FDC-42A3-9474-1A3956D46DE8}") = "5 - Cross-Cutting", "5 - Cross-Cutting", "{18AE83CD-2D26-4459-ACE7-C7D0FD2FD63A}"
EndProject
Project("{9A19103F-16F7-4668-BE54-9A1E7A4F7556}") = "Ateliex.Web", "src\Ateliex.Web\Ateliex.Web.csproj", "{C19D76E5-8674-44EA-B16E-28B1CC4E2726}"
EndProject
Project("{9A19103F-16F7-4668-BE54-9A1E7A4F7556}") = "Ateliex.Web.Infrastructure", "src\Ateliex.Web.Infrastructure\Ateliex.Web.Infrastructure.csproj", "{95A12CAB-DE01-48E6-B073-5386F31CDD11}"
EndProject
Project("{9A19103F-16F7-4668-BE54-9A1E7A4F7556}") = "Ateliex.EntityFrameworkCore", "src\Ateliex.EntityFrameworkCore\Ateliex.EntityFrameworkCore.csproj", "{2142E509-24AE-46F1-A591-42AC8025B8C1}"
EndProject
Project("{9A19103F-16F7-4668-BE54-9A1E7A4F7556}") = "Ateliex.Data.SqlClient", "src\Ateliex.Data.SqlClient\Ateliex.Data.SqlClient.csproj", "{B0FB06C9-D84F-4580-B668-EA02B6FD419A}"
EndProject
Project("{9A19103F-16F7-4668-BE54-9A1E7A4F7556}") = "Microsoft.AspNetCore.Extensions", "src\Microsoft.AspNetCore.Extensions\Microsoft.AspNetCore.Extensions.csproj", "{32724530-824B-4AEC-AA11-E8FD3C83DE24}"
EndProject
Project("{2150E333-8FDC-42A3-9474-1A3956D46DE8}") = "0 - Especificação", "0 - Especificação", "{BE3BC919-D2FF-4A2A-8389-6B82047C618E}"
EndProject
Project("{9A19103F-16F7-4668-BE54-9A1E7A4F7556}") = "Ateliex.Domain.Tests", "tests\Ateliex.Domain.Tests\Ateliex.Domain.Tests.csproj", "{848F4990-A9A8-4F33-BCC3-D4F4CF2D0DDE}"
EndProject
Project("{9A19103F-16F7-4668-BE54-9A1E7A4F7556}") = "Ateliex.Specs", "specs\Ateliex.Specs\Ateliex.Specs.csproj", "{1E589C6B-198E-482D-8C4D-316849832419}"
EndProject
Project("{9A19103F-16F7-4668-BE54-9A1E7A4F7556}") = "Ateliex.Net.Http", "src\Ateliex.Net.Http\Ateliex.Net.Http.csproj", "{BFAC1A8B-2037-49C1-B78C-9E036CB58DCB}"
EndProject
Project("{9A19103F-16F7-4668-BE54-9A1E7A4F7556}") = "System.Xaml.Extensions", "src\System.Xaml.Extensions\System.Xaml.Extensions.csproj", "{66D193AB-C39C-451B-8480-483F44863F3B}"
EndProject
Project("{9A19103F-16F7-4668-BE54-9A1E7A4F7556}") = "Ateliex.Windows.Infrastructure", "src\Ateliex.Windows.Infrastructure\Ateliex.Windows.Infrastructure.csproj", "{0B0A46F1-2A0E-4197-9C58-06E7230D5FB0}"
EndProject
Project("{9A19103F-16F7-4668-BE54-9A1E7A4F7556}") = "Ateliex.Windows", "src\Ateliex.Windows\Ateliex.Windows.csproj", "{E072608B-EB98-4CF3-9695-4A8BD57B2CB4}"
EndProject
Global
	GlobalSection(SolutionConfigurationPlatforms) = preSolution
		Debug|Any CPU = Debug|Any CPU
		Release|Any CPU = Release|Any CPU
	EndGlobalSection
	GlobalSection(ProjectConfigurationPlatforms) = postSolution
		{1104E006-FCB3-4A00-87FE-6C02F735FBF0}.Debug|Any CPU.ActiveCfg = Debug|Any CPU
		{1104E006-FCB3-4A00-87FE-6C02F735FBF0}.Debug|Any CPU.Build.0 = Debug|Any CPU
		{1104E006-FCB3-4A00-87FE-6C02F735FBF0}.Release|Any CPU.ActiveCfg = Release|Any CPU
		{1104E006-FCB3-4A00-87FE-6C02F735FBF0}.Release|Any CPU.Build.0 = Release|Any CPU
		{2ECB3ED8-E84A-4D77-9E2D-E5F09FB7714F}.Debug|Any CPU.ActiveCfg = Debug|Any CPU
		{2ECB3ED8-E84A-4D77-9E2D-E5F09FB7714F}.Debug|Any CPU.Build.0 = Debug|Any CPU
		{2ECB3ED8-E84A-4D77-9E2D-E5F09FB7714F}.Release|Any CPU.ActiveCfg = Release|Any CPU
		{2ECB3ED8-E84A-4D77-9E2D-E5F09FB7714F}.Release|Any CPU.Build.0 = Release|Any CPU
		{E8E37B2E-609A-4750-930D-3020B1F8E343}.Debug|Any CPU.ActiveCfg = Debug|Any CPU
		{E8E37B2E-609A-4750-930D-3020B1F8E343}.Debug|Any CPU.Build.0 = Debug|Any CPU
		{E8E37B2E-609A-4750-930D-3020B1F8E343}.Release|Any CPU.ActiveCfg = Release|Any CPU
		{E8E37B2E-609A-4750-930D-3020B1F8E343}.Release|Any CPU.Build.0 = Release|Any CPU
		{6C891D7C-F087-4EAB-A466-E4764A6419D1}.Debug|Any CPU.ActiveCfg = Debug|Any CPU
		{6C891D7C-F087-4EAB-A466-E4764A6419D1}.Debug|Any CPU.Build.0 = Debug|Any CPU
		{6C891D7C-F087-4EAB-A466-E4764A6419D1}.Release|Any CPU.ActiveCfg = Release|Any CPU
		{6C891D7C-F087-4EAB-A466-E4764A6419D1}.Release|Any CPU.Build.0 = Release|Any CPU
		{C19D76E5-8674-44EA-B16E-28B1CC4E2726}.Debug|Any CPU.ActiveCfg = Debug|Any CPU
		{C19D76E5-8674-44EA-B16E-28B1CC4E2726}.Debug|Any CPU.Build.0 = Debug|Any CPU
		{C19D76E5-8674-44EA-B16E-28B1CC4E2726}.Release|Any CPU.ActiveCfg = Release|Any CPU
		{C19D76E5-8674-44EA-B16E-28B1CC4E2726}.Release|Any CPU.Build.0 = Release|Any CPU
		{95A12CAB-DE01-48E6-B073-5386F31CDD11}.Debug|Any CPU.ActiveCfg = Debug|Any CPU
		{95A12CAB-DE01-48E6-B073-5386F31CDD11}.Debug|Any CPU.Build.0 = Debug|Any CPU
		{95A12CAB-DE01-48E6-B073-5386F31CDD11}.Release|Any CPU.ActiveCfg = Release|Any CPU
		{95A12CAB-DE01-48E6-B073-5386F31CDD11}.Release|Any CPU.Build.0 = Release|Any CPU
		{2142E509-24AE-46F1-A591-42AC8025B8C1}.Debug|Any CPU.ActiveCfg = Debug|Any CPU
		{2142E509-24AE-46F1-A591-42AC8025B8C1}.Debug|Any CPU.Build.0 = Debug|Any CPU
		{2142E509-24AE-46F1-A591-42AC8025B8C1}.Release|Any CPU.ActiveCfg = Release|Any CPU
		{2142E509-24AE-46F1-A591-42AC8025B8C1}.Release|Any CPU.Build.0 = Release|Any CPU
		{B0FB06C9-D84F-4580-B668-EA02B6FD419A}.Debug|Any CPU.ActiveCfg = Debug|Any CPU
		{B0FB06C9-D84F-4580-B668-EA02B6FD419A}.Debug|Any CPU.Build.0 = Debug|Any CPU
		{B0FB06C9-D84F-4580-B668-EA02B6FD419A}.Release|Any CPU.ActiveCfg = Release|Any CPU
		{B0FB06C9-D84F-4580-B668-EA02B6FD419A}.Release|Any CPU.Build.0 = Release|Any CPU
		{32724530-824B-4AEC-AA11-E8FD3C83DE24}.Debug|Any CPU.ActiveCfg = Debug|Any CPU
		{32724530-824B-4AEC-AA11-E8FD3C83DE24}.Debug|Any CPU.Build.0 = Debug|Any CPU
		{32724530-824B-4AEC-AA11-E8FD3C83DE24}.Release|Any CPU.ActiveCfg = Release|Any CPU
		{32724530-824B-4AEC-AA11-E8FD3C83DE24}.Release|Any CPU.Build.0 = Release|Any CPU
		{848F4990-A9A8-4F33-BCC3-D4F4CF2D0DDE}.Debug|Any CPU.ActiveCfg = Debug|Any CPU
		{848F4990-A9A8-4F33-BCC3-D4F4CF2D0DDE}.Debug|Any CPU.Build.0 = Debug|Any CPU
		{848F4990-A9A8-4F33-BCC3-D4F4CF2D0DDE}.Release|Any CPU.ActiveCfg = Release|Any CPU
		{848F4990-A9A8-4F33-BCC3-D4F4CF2D0DDE}.Release|Any CPU.Build.0 = Release|Any CPU
		{1E589C6B-198E-482D-8C4D-316849832419}.Debug|Any CPU.ActiveCfg = Debug|Any CPU
		{1E589C6B-198E-482D-8C4D-316849832419}.Debug|Any CPU.Build.0 = Debug|Any CPU
		{1E589C6B-198E-482D-8C4D-316849832419}.Release|Any CPU.ActiveCfg = Release|Any CPU
		{1E589C6B-198E-482D-8C4D-316849832419}.Release|Any CPU.Build.0 = Release|Any CPU
		{BFAC1A8B-2037-49C1-B78C-9E036CB58DCB}.Debug|Any CPU.ActiveCfg = Debug|Any CPU
		{BFAC1A8B-2037-49C1-B78C-9E036CB58DCB}.Debug|Any CPU.Build.0 = Debug|Any CPU
		{BFAC1A8B-2037-49C1-B78C-9E036CB58DCB}.Release|Any CPU.ActiveCfg = Release|Any CPU
		{BFAC1A8B-2037-49C1-B78C-9E036CB58DCB}.Release|Any CPU.Build.0 = Release|Any CPU
		{66D193AB-C39C-451B-8480-483F44863F3B}.Debug|Any CPU.ActiveCfg = Debug|Any CPU
		{66D193AB-C39C-451B-8480-483F44863F3B}.Debug|Any CPU.Build.0 = Debug|Any CPU
		{66D193AB-C39C-451B-8480-483F44863F3B}.Release|Any CPU.ActiveCfg = Release|Any CPU
		{66D193AB-C39C-451B-8480-483F44863F3B}.Release|Any CPU.Build.0 = Release|Any CPU
		{0B0A46F1-2A0E-4197-9C58-06E7230D5FB0}.Debug|Any CPU.ActiveCfg = Debug|Any CPU
		{0B0A46F1-2A0E-4197-9C58-06E7230D5FB0}.Debug|Any CPU.Build.0 = Debug|Any CPU
		{0B0A46F1-2A0E-4197-9C58-06E7230D5FB0}.Release|Any CPU.ActiveCfg = Release|Any CPU
		{0B0A46F1-2A0E-4197-9C58-06E7230D5FB0}.Release|Any CPU.Build.0 = Release|Any CPU
		{E072608B-EB98-4CF3-9695-4A8BD57B2CB4}.Debug|Any CPU.ActiveCfg = Debug|Any CPU
		{E072608B-EB98-4CF3-9695-4A8BD57B2CB4}.Debug|Any CPU.Build.0 = Debug|Any CPU
		{E072608B-EB98-4CF3-9695-4A8BD57B2CB4}.Release|Any CPU.ActiveCfg = Release|Any CPU
		{E072608B-EB98-4CF3-9695-4A8BD57B2CB4}.Release|Any CPU.Build.0 = Release|Any CPU
	EndGlobalSection
	GlobalSection(SolutionProperties) = preSolution
		HideSolutionNode = FALSE
	EndGlobalSection
	GlobalSection(NestedProjects) = preSolution
		{1104E006-FCB3-4A00-87FE-6C02F735FBF0} = {18AE83CD-2D26-4459-ACE7-C7D0FD2FD63A}
		{2ECB3ED8-E84A-4D77-9E2D-E5F09FB7714F} = {E1E17336-6F0F-4975-A74D-47D6ACC212A1}
		{E8E37B2E-609A-4750-930D-3020B1F8E343} = {E1E17336-6F0F-4975-A74D-47D6ACC212A1}
		{6C891D7C-F087-4EAB-A466-E4764A6419D1} = {25E45A0F-D90B-44C5-8FEA-A75146316D6D}
		{00ED9475-BD87-4B78-B26E-B1DC855DE5D6} = {8AE13952-DFE4-4988-962C-A3D5704783F6}
		{F7684930-CC2D-43AB-A4BE-528FA5C5720D} = {8AE13952-DFE4-4988-962C-A3D5704783F6}
		{C19D76E5-8674-44EA-B16E-28B1CC4E2726} = {3781FB21-E83F-4D3B-A29B-FB4E68660185}
		{95A12CAB-DE01-48E6-B073-5386F31CDD11} = {8AE13952-DFE4-4988-962C-A3D5704783F6}
		{2142E509-24AE-46F1-A591-42AC8025B8C1} = {00ED9475-BD87-4B78-B26E-B1DC855DE5D6}
		{B0FB06C9-D84F-4580-B668-EA02B6FD419A} = {00ED9475-BD87-4B78-B26E-B1DC855DE5D6}
		{32724530-824B-4AEC-AA11-E8FD3C83DE24} = {18AE83CD-2D26-4459-ACE7-C7D0FD2FD63A}
		{848F4990-A9A8-4F33-BCC3-D4F4CF2D0DDE} = {25E45A0F-D90B-44C5-8FEA-A75146316D6D}
		{1E589C6B-198E-482D-8C4D-316849832419} = {BE3BC919-D2FF-4A2A-8389-6B82047C618E}
		{BFAC1A8B-2037-49C1-B78C-9E036CB58DCB} = {00ED9475-BD87-4B78-B26E-B1DC855DE5D6}
		{66D193AB-C39C-451B-8480-483F44863F3B} = {18AE83CD-2D26-4459-ACE7-C7D0FD2FD63A}
		{0B0A46F1-2A0E-4197-9C58-06E7230D5FB0} = {8AE13952-DFE4-4988-962C-A3D5704783F6}
		{E072608B-EB98-4CF3-9695-4A8BD57B2CB4} = {3781FB21-E83F-4D3B-A29B-FB4E68660185}
	EndGlobalSection
	GlobalSection(ExtensibilityGlobals) = postSolution
		SolutionGuid = {475B88FD-F0C3-4EE8-994D-8EDE78BFBDF2}
	EndGlobalSection
EndGlobal
